
Microsoft Visual Studio Solution File, Format Version 12.00
# Visual Studio Version 17
VisualStudioVersion = 17.3.32819.101
MinimumVisualStudioVersion = 10.0.40219.1
Project("{FAE04EC0-301F-11D3-BF4B-00C04F79EFBC}") = "ProjectTeclas", "ProjectTeclas\ProjectTeclas.csproj", "{06FB47D9-1453-479A-877C-15CD6A97A959}"
EndProject
Global
	GlobalSection(SolutionConfigurationPlatforms) = preSolution
		Debug|Any CPU = Debug|Any CPU
		Release|Any CPU = Release|Any CPU
	EndGlobalSection
	GlobalSection(ProjectConfigurationPlatforms) = postSolution
		{06FB47D9-1453-479A-877C-15CD6A97A959}.Debug|Any CPU.ActiveCfg = Debug|Any CPU
		{06FB47D9-1453-479A-877C-15CD6A97A959}.Debug|Any CPU.Build.0 = Debug|Any CPU
		{06FB47D9-1453-479A-877C-15CD6A97A959}.Release|Any CPU.ActiveCfg = Release|Any CPU
		{06FB47D9-1453-479A-877C-15CD6A97A959}.Release|Any CPU.Build.0 = Release|Any CPU
	EndGlobalSection
	GlobalSection(SolutionProperties) = preSolution
		HideSolutionNode = FALSE
	EndGlobalSection
	GlobalSection(ExtensibilityGlobals) = postSolution
		SolutionGuid = {E6AF9EA4-3391-4014-9AC4-11CFB7ABE782}
	EndGlobalSection
EndGlobal
